
Microsoft Visual Studio Solution File, Format Version 12.00
# Visual Studio Version 17
VisualStudioVersion = 17.4.33122.133
MinimumVisualStudioVersion = 10.0.40219.1
Project("{FAE04EC0-301F-11D3-BF4B-00C04F79EFBC}") = "APIProjectWithRedis", "APIProjectWithRedis\APIProjectWithRedis.csproj", "{0476BFDD-274D-4752-9AFA-2B2CE728A3CD}"
EndProject
Global
	GlobalSection(SolutionConfigurationPlatforms) = preSolution
		Debug|Any CPU = Debug|Any CPU
		Release|Any CPU = Release|Any CPU
	EndGlobalSection
	GlobalSection(ProjectConfigurationPlatforms) = postSolution
		{0476BFDD-274D-4752-9AFA-2B2CE728A3CD}.Debug|Any CPU.ActiveCfg = Debug|Any CPU
		{0476BFDD-274D-4752-9AFA-2B2CE728A3CD}.Debug|Any CPU.Build.0 = Debug|Any CPU
		{0476BFDD-274D-4752-9AFA-2B2CE728A3CD}.Release|Any CPU.ActiveCfg = Release|Any CPU
		{0476BFDD-274D-4752-9AFA-2B2CE728A3CD}.Release|Any CPU.Build.0 = Release|Any CPU
	EndGlobalSection
	GlobalSection(SolutionProperties) = preSolution
		HideSolutionNode = FALSE
	EndGlobalSection
	GlobalSection(ExtensibilityGlobals) = postSolution
		SolutionGuid = {3B9BFBE2-396C-4925-8C1C-D4365AFA27F8}
	EndGlobalSection
EndGlobal
